
Microsoft Visual Studio Solution File, Format Version 12.00
# Visual Studio Version 16
VisualStudioVersion = 16.0.28606.126
MinimumVisualStudioVersion = 10.0.40219.1
Project("{2150E333-8FDC-42A3-9474-1A3956D46DE8}") = "src", "src", "{FB457427-BAB3-442B-A80E-9477FA56B2FF}"
EndProject
Project("{FAE04EC0-301F-11D3-BF4B-00C04F79EFBC}") = "TravisExemplo.WebApi", "src\TravisExemplo.WebApi\TravisExemplo.WebApi.csproj", "{8F928CFC-4D15-473C-8A14-44E1727148B6}"
EndProject
Project("{2150E333-8FDC-42A3-9474-1A3956D46DE8}") = "Solution Itens", "Solution Itens", "{332C3785-D08F-4FA5-B144-BA6B9CD125D1}"
	ProjectSection(SolutionItems) = preProject
		.gitignore = .gitignore
		.travis.yml = .travis.yml
		LICENSE = LICENSE
		README.md = README.md
	EndProjectSection
EndProject
Project("{2150E333-8FDC-42A3-9474-1A3956D46DE8}") = "Test", "Test", "{CBB40B04-B9EA-4DFF-A30E-C59E8F371640}"
EndProject
Project("{FAE04EC0-301F-11D3-BF4B-00C04F79EFBC}") = "TravisExemplo.Test", "TravisExemplo.Test\TravisExemplo.Test.csproj", "{EBDF5C78-ABBE-4AEB-B9C2-1D938F03F7CC}"
EndProject
Global
	GlobalSection(SolutionConfigurationPlatforms) = preSolution
		Debug|Any CPU = Debug|Any CPU
		Release|Any CPU = Release|Any CPU
	EndGlobalSection
	GlobalSection(ProjectConfigurationPlatforms) = postSolution
		{8F928CFC-4D15-473C-8A14-44E1727148B6}.Debug|Any CPU.ActiveCfg = Debug|Any CPU
		{8F928CFC-4D15-473C-8A14-44E1727148B6}.Debug|Any CPU.Build.0 = Debug|Any CPU
		{8F928CFC-4D15-473C-8A14-44E1727148B6}.Release|Any CPU.ActiveCfg = Release|Any CPU
		{8F928CFC-4D15-473C-8A14-44E1727148B6}.Release|Any CPU.Build.0 = Release|Any CPU
		{EBDF5C78-ABBE-4AEB-B9C2-1D938F03F7CC}.Debug|Any CPU.ActiveCfg = Debug|Any CPU
		{EBDF5C78-ABBE-4AEB-B9C2-1D938F03F7CC}.Debug|Any CPU.Build.0 = Debug|Any CPU
		{EBDF5C78-ABBE-4AEB-B9C2-1D938F03F7CC}.Release|Any CPU.ActiveCfg = Release|Any CPU
		{EBDF5C78-ABBE-4AEB-B9C2-1D938F03F7CC}.Release|Any CPU.Build.0 = Release|Any CPU
	EndGlobalSection
	GlobalSection(SolutionProperties) = preSolution
		HideSolutionNode = FALSE
	EndGlobalSection
	GlobalSection(NestedProjects) = preSolution
		{8F928CFC-4D15-473C-8A14-44E1727148B6} = {FB457427-BAB3-442B-A80E-9477FA56B2FF}
		{EBDF5C78-ABBE-4AEB-B9C2-1D938F03F7CC} = {CBB40B04-B9EA-4DFF-A30E-C59E8F371640}
	EndGlobalSection
	GlobalSection(ExtensibilityGlobals) = postSolution
		SolutionGuid = {F167BF61-A435-4369-A9D2-C3206E74670A}
	EndGlobalSection
EndGlobal
